
Microsoft Visual Studio Solution File, Format Version 12.00
# Visual Studio Version 17
VisualStudioVersion = 17.5.002.0
MinimumVisualStudioVersion = 10.0.40219.1
Project("{9A19103F-16F7-4668-BE54-9A1E7A4F7556}") = "CountdownTimer.Library", "CountdownTimer.Library\CountdownTimer.Library.csproj", "{2886D832-080A-4E5D-93FB-3663611174F0}"
EndProject
Project("{FAE04EC0-301F-11D3-BF4B-00C04F79EFBC}") = "CountdownTimer.UI", "CountdownTimer.UI\CountdownTimer.UI.csproj", "{2B6032CB-6115-4465-917A-56C5B151E092}"
EndProject
Global
	GlobalSection(SolutionConfigurationPlatforms) = preSolution
		Debug|Any CPU = Debug|Any CPU
		Release|Any CPU = Release|Any CPU
	EndGlobalSection
	GlobalSection(ProjectConfigurationPlatforms) = postSolution
		{2886D832-080A-4E5D-93FB-3663611174F0}.Debug|Any CPU.ActiveCfg = Debug|Any CPU
		{2886D832-080A-4E5D-93FB-3663611174F0}.Debug|Any CPU.Build.0 = Debug|Any CPU
		{2886D832-080A-4E5D-93FB-3663611174F0}.Release|Any CPU.ActiveCfg = Release|Any CPU
		{2886D832-080A-4E5D-93FB-3663611174F0}.Release|Any CPU.Build.0 = Release|Any CPU
		{2B6032CB-6115-4465-917A-56C5B151E092}.Debug|Any CPU.ActiveCfg = Debug|Any CPU
		{2B6032CB-6115-4465-917A-56C5B151E092}.Debug|Any CPU.Build.0 = Debug|Any CPU
		{2B6032CB-6115-4465-917A-56C5B151E092}.Release|Any CPU.ActiveCfg = Release|Any CPU
		{2B6032CB-6115-4465-917A-56C5B151E092}.Release|Any CPU.Build.0 = Release|Any CPU
	EndGlobalSection
	GlobalSection(SolutionProperties) = preSolution
		HideSolutionNode = FALSE
	EndGlobalSection
	GlobalSection(ExtensibilityGlobals) = postSolution
		SolutionGuid = {F83B8F65-A53D-4827-952C-03D4BF07B260}
	EndGlobalSection
EndGlobal
